
Microsoft Visual Studio Solution File, Format Version 12.00
# Visual Studio 15
VisualStudioVersion = 15.0.28307.329
MinimumVisualStudioVersion = 10.0.40219.1
Project("{FAE04EC0-301F-11D3-BF4B-00C04F79EFBC}") = "T1", "T1\T1.csproj", "{5B48CAE0-752C-4F8F-942A-4A5B7656D79D}"
EndProject
Global
	GlobalSection(SolutionConfigurationPlatforms) = preSolution
		Debug|Any CPU = Debug|Any CPU
		Release|Any CPU = Release|Any CPU
	EndGlobalSection
	GlobalSection(ProjectConfigurationPlatforms) = postSolution
		{5B48CAE0-752C-4F8F-942A-4A5B7656D79D}.Debug|Any CPU.ActiveCfg = Debug|Any CPU
		{5B48CAE0-752C-4F8F-942A-4A5B7656D79D}.Debug|Any CPU.Build.0 = Debug|Any CPU
		{5B48CAE0-752C-4F8F-942A-4A5B7656D79D}.Release|Any CPU.ActiveCfg = Release|Any CPU
		{5B48CAE0-752C-4F8F-942A-4A5B7656D79D}.Release|Any CPU.Build.0 = Release|Any CPU
	EndGlobalSection
	GlobalSection(SolutionProperties) = preSolution
		HideSolutionNode = FALSE
	EndGlobalSection
	GlobalSection(ExtensibilityGlobals) = postSolution
		SolutionGuid = {F02EA1B6-7257-4379-9028-5896306EE1D7}
	EndGlobalSection
EndGlobal
