
Microsoft Visual Studio Solution File, Format Version 12.00
# Visual Studio 15
VisualStudioVersion = 15.0.28307.329
MinimumVisualStudioVersion = 10.0.40219.1
Project("{FAE04EC0-301F-11D3-BF4B-00C04F79EFBC}") = "T5", "T5\T5.csproj", "{DD791889-E4EF-49E0-905F-157502CA7DA9}"
EndProject
Global
	GlobalSection(SolutionConfigurationPlatforms) = preSolution
		Debug|Any CPU = Debug|Any CPU
		Release|Any CPU = Release|Any CPU
	EndGlobalSection
	GlobalSection(ProjectConfigurationPlatforms) = postSolution
		{DD791889-E4EF-49E0-905F-157502CA7DA9}.Debug|Any CPU.ActiveCfg = Debug|Any CPU
		{DD791889-E4EF-49E0-905F-157502CA7DA9}.Debug|Any CPU.Build.0 = Debug|Any CPU
		{DD791889-E4EF-49E0-905F-157502CA7DA9}.Release|Any CPU.ActiveCfg = Release|Any CPU
		{DD791889-E4EF-49E0-905F-157502CA7DA9}.Release|Any CPU.Build.0 = Release|Any CPU
	EndGlobalSection
	GlobalSection(SolutionProperties) = preSolution
		HideSolutionNode = FALSE
	EndGlobalSection
	GlobalSection(ExtensibilityGlobals) = postSolution
		SolutionGuid = {E025DA11-62F6-4954-BC56-EF45A604EAE2}
	EndGlobalSection
EndGlobal
