
Microsoft Visual Studio Solution File, Format Version 12.00
# Visual Studio 15
VisualStudioVersion = 15.0.28307.329
MinimumVisualStudioVersion = 10.0.40219.1
Project("{FAE04EC0-301F-11D3-BF4B-00C04F79EFBC}") = "T3", "T3\T3.csproj", "{D68E8CED-748F-42CC-9DFD-11FA85A8EA3B}"
EndProject
Global
	GlobalSection(SolutionConfigurationPlatforms) = preSolution
		Debug|Any CPU = Debug|Any CPU
		Release|Any CPU = Release|Any CPU
	EndGlobalSection
	GlobalSection(ProjectConfigurationPlatforms) = postSolution
		{D68E8CED-748F-42CC-9DFD-11FA85A8EA3B}.Debug|Any CPU.ActiveCfg = Debug|Any CPU
		{D68E8CED-748F-42CC-9DFD-11FA85A8EA3B}.Debug|Any CPU.Build.0 = Debug|Any CPU
		{D68E8CED-748F-42CC-9DFD-11FA85A8EA3B}.Release|Any CPU.ActiveCfg = Release|Any CPU
		{D68E8CED-748F-42CC-9DFD-11FA85A8EA3B}.Release|Any CPU.Build.0 = Release|Any CPU
	EndGlobalSection
	GlobalSection(SolutionProperties) = preSolution
		HideSolutionNode = FALSE
	EndGlobalSection
	GlobalSection(ExtensibilityGlobals) = postSolution
		SolutionGuid = {56273868-BE1B-4841-B517-7BB063DCD2E3}
	EndGlobalSection
EndGlobal
