
Microsoft Visual Studio Solution File, Format Version 12.00
# Visual Studio 15
VisualStudioVersion = 15.0.27703.2047
MinimumVisualStudioVersion = 10.0.40219.1
Project("{FAE04EC0-301F-11D3-BF4B-00C04F79EFBC}") = "T1", "T1\T1.csproj", "{A2A7DD5E-8DDE-49BF-8DEB-3A5C1EE1F671}"
EndProject
Project("{FAE04EC0-301F-11D3-BF4B-00C04F79EFBC}") = "T2", "T2\T2.csproj", "{D29E58F3-D922-432C-B8EC-7C5CF4FF6B19}"
EndProject
Project("{FAE04EC0-301F-11D3-BF4B-00C04F79EFBC}") = "T3", "T3\T3.csproj", "{B8612138-9FA4-4191-8D26-A70C430A0906}"
EndProject
Project("{FAE04EC0-301F-11D3-BF4B-00C04F79EFBC}") = "T4", "T4\T4.csproj", "{ACC21BE0-6AA3-4B6B-A80B-BDA768CDAD63}"
EndProject
Project("{FAE04EC0-301F-11D3-BF4B-00C04F79EFBC}") = "T5", "T5\T5.csproj", "{67F85B41-6491-418B-9626-9A930D51843C}"
EndProject
Project("{FAE04EC0-301F-11D3-BF4B-00C04F79EFBC}") = "T6", "T6\T6.csproj", "{BBE4956B-ACC4-4EAB-A029-3D199A318B7B}"
EndProject
Project("{FAE04EC0-301F-11D3-BF4B-00C04F79EFBC}") = "T7", "T7\T7.csproj", "{94793A18-0AC3-4A82-ACA8-1AB461553AF9}"
EndProject
Project("{FAE04EC0-301F-11D3-BF4B-00C04F79EFBC}") = "T8", "T8\T8.csproj", "{422C9621-5F4C-469A-9371-64D36F327B41}"
EndProject
Project("{FAE04EC0-301F-11D3-BF4B-00C04F79EFBC}") = "T9", "T9\T9.csproj", "{4D6B71E2-7F76-4B06-98CB-C23280A16D5C}"
EndProject
Project("{FAE04EC0-301F-11D3-BF4B-00C04F79EFBC}") = "T10", "T10\T10.csproj", "{6A72F833-6DF9-44B6-A29C-9406A86B8414}"
EndProject
Global
	GlobalSection(SolutionConfigurationPlatforms) = preSolution
		Debug|Any CPU = Debug|Any CPU
		Release|Any CPU = Release|Any CPU
	EndGlobalSection
	GlobalSection(ProjectConfigurationPlatforms) = postSolution
		{A2A7DD5E-8DDE-49BF-8DEB-3A5C1EE1F671}.Debug|Any CPU.ActiveCfg = Debug|Any CPU
		{A2A7DD5E-8DDE-49BF-8DEB-3A5C1EE1F671}.Debug|Any CPU.Build.0 = Debug|Any CPU
		{A2A7DD5E-8DDE-49BF-8DEB-3A5C1EE1F671}.Release|Any CPU.ActiveCfg = Release|Any CPU
		{A2A7DD5E-8DDE-49BF-8DEB-3A5C1EE1F671}.Release|Any CPU.Build.0 = Release|Any CPU
		{D29E58F3-D922-432C-B8EC-7C5CF4FF6B19}.Debug|Any CPU.ActiveCfg = Debug|Any CPU
		{D29E58F3-D922-432C-B8EC-7C5CF4FF6B19}.Debug|Any CPU.Build.0 = Debug|Any CPU
		{D29E58F3-D922-432C-B8EC-7C5CF4FF6B19}.Release|Any CPU.ActiveCfg = Release|Any CPU
		{D29E58F3-D922-432C-B8EC-7C5CF4FF6B19}.Release|Any CPU.Build.0 = Release|Any CPU
		{B8612138-9FA4-4191-8D26-A70C430A0906}.Debug|Any CPU.ActiveCfg = Debug|Any CPU
		{B8612138-9FA4-4191-8D26-A70C430A0906}.Debug|Any CPU.Build.0 = Debug|Any CPU
		{B8612138-9FA4-4191-8D26-A70C430A0906}.Release|Any CPU.ActiveCfg = Release|Any CPU
		{B8612138-9FA4-4191-8D26-A70C430A0906}.Release|Any CPU.Build.0 = Release|Any CPU
		{ACC21BE0-6AA3-4B6B-A80B-BDA768CDAD63}.Debug|Any CPU.ActiveCfg = Debug|Any CPU
		{ACC21BE0-6AA3-4B6B-A80B-BDA768CDAD63}.Debug|Any CPU.Build.0 = Debug|Any CPU
		{ACC21BE0-6AA3-4B6B-A80B-BDA768CDAD63}.Release|Any CPU.ActiveCfg = Release|Any CPU
		{ACC21BE0-6AA3-4B6B-A80B-BDA768CDAD63}.Release|Any CPU.Build.0 = Release|Any CPU
		{67F85B41-6491-418B-9626-9A930D51843C}.Debug|Any CPU.ActiveCfg = Debug|Any CPU
		{67F85B41-6491-418B-9626-9A930D51843C}.Debug|Any CPU.Build.0 = Debug|Any CPU
		{67F85B41-6491-418B-9626-9A930D51843C}.Release|Any CPU.ActiveCfg = Release|Any CPU
		{67F85B41-6491-418B-9626-9A930D51843C}.Release|Any CPU.Build.0 = Release|Any CPU
		{BBE4956B-ACC4-4EAB-A029-3D199A318B7B}.Debug|Any CPU.ActiveCfg = Debug|Any CPU
		{BBE4956B-ACC4-4EAB-A029-3D199A318B7B}.Debug|Any CPU.Build.0 = Debug|Any CPU
		{BBE4956B-ACC4-4EAB-A029-3D199A318B7B}.Release|Any CPU.ActiveCfg = Release|Any CPU
		{BBE4956B-ACC4-4EAB-A029-3D199A318B7B}.Release|Any CPU.Build.0 = Release|Any CPU
		{94793A18-0AC3-4A82-ACA8-1AB461553AF9}.Debug|Any CPU.ActiveCfg = Debug|Any CPU
		{94793A18-0AC3-4A82-ACA8-1AB461553AF9}.Debug|Any CPU.Build.0 = Debug|Any CPU
		{94793A18-0AC3-4A82-ACA8-1AB461553AF9}.Release|Any CPU.ActiveCfg = Release|Any CPU
		{94793A18-0AC3-4A82-ACA8-1AB461553AF9}.Release|Any CPU.Build.0 = Release|Any CPU
		{422C9621-5F4C-469A-9371-64D36F327B41}.Debug|Any CPU.ActiveCfg = Debug|Any CPU
		{422C9621-5F4C-469A-9371-64D36F327B41}.Debug|Any CPU.Build.0 = Debug|Any CPU
		{422C9621-5F4C-469A-9371-64D36F327B41}.Release|Any CPU.ActiveCfg = Release|Any CPU
		{422C9621-5F4C-469A-9371-64D36F327B41}.Release|Any CPU.Build.0 = Release|Any CPU
		{4D6B71E2-7F76-4B06-98CB-C23280A16D5C}.Debug|Any CPU.ActiveCfg = Debug|Any CPU
		{4D6B71E2-7F76-4B06-98CB-C23280A16D5C}.Debug|Any CPU.Build.0 = Debug|Any CPU
		{4D6B71E2-7F76-4B06-98CB-C23280A16D5C}.Release|Any CPU.ActiveCfg = Release|Any CPU
		{4D6B71E2-7F76-4B06-98CB-C23280A16D5C}.Release|Any CPU.Build.0 = Release|Any CPU
		{6A72F833-6DF9-44B6-A29C-9406A86B8414}.Debug|Any CPU.ActiveCfg = Debug|Any CPU
		{6A72F833-6DF9-44B6-A29C-9406A86B8414}.Debug|Any CPU.Build.0 = Debug|Any CPU
		{6A72F833-6DF9-44B6-A29C-9406A86B8414}.Release|Any CPU.ActiveCfg = Release|Any CPU
		{6A72F833-6DF9-44B6-A29C-9406A86B8414}.Release|Any CPU.Build.0 = Release|Any CPU
	EndGlobalSection
	GlobalSection(SolutionProperties) = preSolution
		HideSolutionNode = FALSE
	EndGlobalSection
	GlobalSection(ExtensibilityGlobals) = postSolution
		SolutionGuid = {08F5760D-2C05-4D4D-A8B8-53CF3E96D8B5}
	EndGlobalSection
EndGlobal
