
Microsoft Visual Studio Solution File, Format Version 12.00
# Visual Studio 15
VisualStudioVersion = 15.0.28307.329
MinimumVisualStudioVersion = 10.0.40219.1
Project("{FAE04EC0-301F-11D3-BF4B-00C04F79EFBC}") = "T2", "T2\T2.csproj", "{8F92A6A1-5220-4B4E-8925-5804ACF8593A}"
EndProject
Global
	GlobalSection(SolutionConfigurationPlatforms) = preSolution
		Debug|Any CPU = Debug|Any CPU
		Release|Any CPU = Release|Any CPU
	EndGlobalSection
	GlobalSection(ProjectConfigurationPlatforms) = postSolution
		{8F92A6A1-5220-4B4E-8925-5804ACF8593A}.Debug|Any CPU.ActiveCfg = Debug|Any CPU
		{8F92A6A1-5220-4B4E-8925-5804ACF8593A}.Debug|Any CPU.Build.0 = Debug|Any CPU
		{8F92A6A1-5220-4B4E-8925-5804ACF8593A}.Release|Any CPU.ActiveCfg = Release|Any CPU
		{8F92A6A1-5220-4B4E-8925-5804ACF8593A}.Release|Any CPU.Build.0 = Release|Any CPU
	EndGlobalSection
	GlobalSection(SolutionProperties) = preSolution
		HideSolutionNode = FALSE
	EndGlobalSection
	GlobalSection(ExtensibilityGlobals) = postSolution
		SolutionGuid = {2A7F92B1-2491-4DDA-A902-0C2403AF87B4}
	EndGlobalSection
EndGlobal
