
Microsoft Visual Studio Solution File, Format Version 12.00
# Visual Studio 15
VisualStudioVersion = 15.0.27703.2047
MinimumVisualStudioVersion = 10.0.40219.1
Project("{FAE04EC0-301F-11D3-BF4B-00C04F79EFBC}") = "Demo1", "Demo1\Demo1.csproj", "{1ABF6E46-D66E-4695-9972-EB4605D43A2D}"
EndProject
Global
	GlobalSection(SolutionConfigurationPlatforms) = preSolution
		Debug|Any CPU = Debug|Any CPU
		Release|Any CPU = Release|Any CPU
	EndGlobalSection
	GlobalSection(ProjectConfigurationPlatforms) = postSolution
		{1ABF6E46-D66E-4695-9972-EB4605D43A2D}.Debug|Any CPU.ActiveCfg = Debug|Any CPU
		{1ABF6E46-D66E-4695-9972-EB4605D43A2D}.Debug|Any CPU.Build.0 = Debug|Any CPU
		{1ABF6E46-D66E-4695-9972-EB4605D43A2D}.Release|Any CPU.ActiveCfg = Release|Any CPU
		{1ABF6E46-D66E-4695-9972-EB4605D43A2D}.Release|Any CPU.Build.0 = Release|Any CPU
	EndGlobalSection
	GlobalSection(SolutionProperties) = preSolution
		HideSolutionNode = FALSE
	EndGlobalSection
	GlobalSection(ExtensibilityGlobals) = postSolution
		SolutionGuid = {F0ACB937-8E43-4DAB-A7AF-01CA547A132D}
	EndGlobalSection
EndGlobal
