
Microsoft Visual Studio Solution File, Format Version 12.00
# Visual Studio 15
VisualStudioVersion = 15.0.28307.329
MinimumVisualStudioVersion = 10.0.40219.1
Project("{FAE04EC0-301F-11D3-BF4B-00C04F79EFBC}") = "T3", "T3\T3.csproj", "{B6F4B82B-E92C-4F3F-B78C-9418A96EBFB2}"
EndProject
Global
	GlobalSection(SolutionConfigurationPlatforms) = preSolution
		Debug|Any CPU = Debug|Any CPU
		Release|Any CPU = Release|Any CPU
	EndGlobalSection
	GlobalSection(ProjectConfigurationPlatforms) = postSolution
		{B6F4B82B-E92C-4F3F-B78C-9418A96EBFB2}.Debug|Any CPU.ActiveCfg = Debug|Any CPU
		{B6F4B82B-E92C-4F3F-B78C-9418A96EBFB2}.Debug|Any CPU.Build.0 = Debug|Any CPU
		{B6F4B82B-E92C-4F3F-B78C-9418A96EBFB2}.Release|Any CPU.ActiveCfg = Release|Any CPU
		{B6F4B82B-E92C-4F3F-B78C-9418A96EBFB2}.Release|Any CPU.Build.0 = Release|Any CPU
	EndGlobalSection
	GlobalSection(SolutionProperties) = preSolution
		HideSolutionNode = FALSE
	EndGlobalSection
	GlobalSection(ExtensibilityGlobals) = postSolution
		SolutionGuid = {142618F4-31D4-4FA9-8D16-72FDC16FF2D6}
	EndGlobalSection
EndGlobal
